
Microsoft Visual Studio Solution File, Format Version 12.00
# Visual Studio Version 17
VisualStudioVersion = 17.7.34031.279
MinimumVisualStudioVersion = 10.0.40219.1
Project("{8BC9CEB8-8B4A-11D0-8D11-00A0C91BC942}") = "실험용2", "실험용2\실험용2.vcxproj", "{BC70E6C2-9CBE-4FDB-A66E-689740F133AB}"
EndProject
Global
	GlobalSection(SolutionConfigurationPlatforms) = preSolution
		Debug|x64 = Debug|x64
		Debug|x86 = Debug|x86
		Release|x64 = Release|x64
		Release|x86 = Release|x86
	EndGlobalSection
	GlobalSection(ProjectConfigurationPlatforms) = postSolution
		{BC70E6C2-9CBE-4FDB-A66E-689740F133AB}.Debug|x64.ActiveCfg = Debug|x64
		{BC70E6C2-9CBE-4FDB-A66E-689740F133AB}.Debug|x64.Build.0 = Debug|x64
		{BC70E6C2-9CBE-4FDB-A66E-689740F133AB}.Debug|x86.ActiveCfg = Debug|Win32
		{BC70E6C2-9CBE-4FDB-A66E-689740F133AB}.Debug|x86.Build.0 = Debug|Win32
		{BC70E6C2-9CBE-4FDB-A66E-689740F133AB}.Release|x64.ActiveCfg = Release|x64
		{BC70E6C2-9CBE-4FDB-A66E-689740F133AB}.Release|x64.Build.0 = Release|x64
		{BC70E6C2-9CBE-4FDB-A66E-689740F133AB}.Release|x86.ActiveCfg = Release|Win32
		{BC70E6C2-9CBE-4FDB-A66E-689740F133AB}.Release|x86.Build.0 = Release|Win32
	EndGlobalSection
	GlobalSection(SolutionProperties) = preSolution
		HideSolutionNode = FALSE
	EndGlobalSection
	GlobalSection(ExtensibilityGlobals) = postSolution
		SolutionGuid = {C76CE54F-EAFB-40C5-A257-0E61D2C2142A}
	EndGlobalSection
EndGlobal
